// !$*UTF8*$!
{
	archiveVersion = 1;
	classes = {
	};
	objectVersion = 48;
	objects = {

/* Begin PBXBuildFile section */
		8ED5C14D8975014CBE7F1B9B /* Pods_MathX.framework in Frameworks */ = {isa = PBXBuildFile; fileRef = 656BA4E6C2223DDF7BAE19AE /* Pods_MathX.framework */; };
		AF2763BF20720E780070787B /* cooltext280879586962584 copy.png in Resources */ = {isa = PBXBuildFile; fileRef = AF2763BE20720E780070787B /* cooltext280879586962584 copy.png */; };
		AF2763C2207210460070787B /* ethnocentric rg it.ttf in Resources */ = {isa = PBXBuildFile; fileRef = AF2763C020720F440070787B /* ethnocentric rg it.ttf */; };
		AF47CEA02072261D00949253 /* OrionLogoWhite.png in Resources */ = {isa = PBXBuildFile; fileRef = AF47CE9F2072261D00949253 /* OrionLogoWhite.png */; };
		AF8B79BC208495FB003EC1E5 /* CalculatorViewController.swift in Sources */ = {isa = PBXBuildFile; fileRef = AF8B79BB208495FB003EC1E5 /* CalculatorViewController.swift */; };
		AFA58A2B2043E84200A227B9 /* AppDelegate.swift in Sources */ = {isa = PBXBuildFile; fileRef = AFA58A2A2043E84200A227B9 /* AppDelegate.swift */; };
		AFA58A302043E84200A227B9 /* Main.storyboard in Resources */ = {isa = PBXBuildFile; fileRef = AFA58A2E2043E84200A227B9 /* Main.storyboard */; };
		AFA58A322043E84200A227B9 /* Assets.xcassets in Resources */ = {isa = PBXBuildFile; fileRef = AFA58A312043E84200A227B9 /* Assets.xcassets */; };
		AFA58A352043E84200A227B9 /* LaunchScreen.storyboard in Resources */ = {isa = PBXBuildFile; fileRef = AFA58A332043E84200A227B9 /* LaunchScreen.storyboard */; };
		AFA58A3D2043EA8B00A227B9 /* Screen Shot 2018-01-12 at 8.46.23 AM.png in Resources */ = {isa = PBXBuildFile; fileRef = AFA58A3C2043EA8B00A227B9 /* Screen Shot 2018-01-12 at 8.46.23 AM.png */; };
		AFA58A562043EFA400A227B9 /* calculator.png in Resources */ = {isa = PBXBuildFile; fileRef = AFA58A532043EFA400A227B9 /* calculator.png */; };
		AFA58A5C2043F0C200A227B9 /* cheatsheet copy.png in Resources */ = {isa = PBXBuildFile; fileRef = AFA58A592043F0C200A227B9 /* cheatsheet copy.png */; };
		AFA58A5D2043F0C200A227B9 /* cheatsheet.png in Resources */ = {isa = PBXBuildFile; fileRef = AFA58A5A2043F0C200A227B9 /* cheatsheet.png */; };
		AFA58A5E2043F0C200A227B9 /* cheatsheet copy 2.png in Resources */ = {isa = PBXBuildFile; fileRef = AFA58A5B2043F0C200A227B9 /* cheatsheet copy 2.png */; };
		AFA58A622043F0CA00A227B9 /* note copy 2.png in Resources */ = {isa = PBXBuildFile; fileRef = AFA58A5F2043F0C900A227B9 /* note copy 2.png */; };
		AFA58A632043F0CA00A227B9 /* note.png in Resources */ = {isa = PBXBuildFile; fileRef = AFA58A602043F0C900A227B9 /* note.png */; };
		AFA58A642043F0CA00A227B9 /* note copy.png in Resources */ = {isa = PBXBuildFile; fileRef = AFA58A612043F0CA00A227B9 /* note copy.png */; };
		AFD18C3B20FC7FB90097D158 /* secondary.swift in Sources */ = {isa = PBXBuildFile; fileRef = AFD18C3A20FC7FB90097D158 /* secondary.swift */; };
		AFD6CABD204D2EC4004D931E /* NotesViewController.swift in Sources */ = {isa = PBXBuildFile; fileRef = AFD6CABC204D2EC4004D931E /* NotesViewController.swift */; };
		FE6AB2512136AEA2006FABE4 /* ViewController.swift in Sources */ = {isa = PBXBuildFile; fileRef = FE6AB2502136AEA2006FABE4 /* ViewController.swift */; };
		FE6AB2532136AEAF006FABE4 /* ResultView.swift in Sources */ = {isa = PBXBuildFile; fileRef = FE6AB2522136AEAF006FABE4 /* ResultView.swift */; };
		FE6AB2552136AEB7006FABE4 /* UIView+Fade.swift in Sources */ = {isa = PBXBuildFile; fileRef = FE6AB2542136AEB6006FABE4 /* UIView+Fade.swift */; };
		FE6AB2572136AEBE006FABE4 /* String+Substring.swift in Sources */ = {isa = PBXBuildFile; fileRef = FE6AB2562136AEBD006FABE4 /* String+Substring.swift */; };
		FE6AB25A2136AF0D006FABE4 /* Solving_Quadratic_Equations.xcdatamodeld in Sources */ = {isa = PBXBuildFile; fileRef = FE6AB2582136AF0D006FABE4 /* Solving_Quadratic_Equations.xcdatamodeld */; };
		FE6AB25E2137E1FF006FABE4 /* searchTableViewController.swift in Sources */ = {isa = PBXBuildFile; fileRef = FE6AB25D2137E1FF006FABE4 /* searchTableViewController.swift */; };
		FE6AB26A2137FBA6006FABE4 /* Algebraic Manipulation.pdf in Resources */ = {isa = PBXBuildFile; fileRef = FE6AB2622137FAB6006FABE4 /* Algebraic Manipulation.pdf */; };
		FE6AB26B2137FBA6006FABE4 /* Data Handling.pdf in Resources */ = {isa = PBXBuildFile; fileRef = FE6AB2642137FAB6006FABE4 /* Data Handling.pdf */; };
		FE6AB26D2137FBA6006FABE4 /* Geometrical Constructions.pdf in Resources */ = {isa = PBXBuildFile; fileRef = FE6AB2662137FAB7006FABE4 /* Geometrical Constructions.pdf */; };
		FE6AB26E2137FBA6006FABE4 /* Integers, Rational and Real Numbers.pdf in Resources */ = {isa = PBXBuildFile; fileRef = FE6AB2632137FAB6006FABE4 /* Integers, Rational and Real Numbers.pdf */; };
		FE6AB26F2137FBA6006FABE4 /* Linear Equations and Formula.pdf in Resources */ = {isa = PBXBuildFile; fileRef = FE6AB2672137FAB7006FABE4 /* Linear Equations and Formula.pdf */; };
		FE6AB2702137FBA6006FABE4 /* Linear Functions and Graphs.pdf in Resources */ = {isa = PBXBuildFile; fileRef = FE6AB2682137FAB7006FABE4 /* Linear Functions and Graphs.pdf */; };
		FE6AB2712137FBA6006FABE4 /* Perimeter and Area of plane figures.pdf in Resources */ = {isa = PBXBuildFile; fileRef = FE6AB2652137FAB7006FABE4 /* Perimeter and Area of plane figures.pdf */; };
		FE6AB2722137FBA6006FABE4 /* Simple Inequalities.pdf in Resources */ = {isa = PBXBuildFile; fileRef = FE6AB2692137FAB7006FABE4 /* Simple Inequalities.pdf */; };
		FE6AB274213815C3006FABE4 /* 2000px-Rapporteur_180deg.svg.png in Resources */ = {isa = PBXBuildFile; fileRef = FE6AB273213815C2006FABE4 /* 2000px-Rapporteur_180deg.svg.png */; };
		FE6AB27621381638006FABE4 /* 200px-Rtriangle.svg.png in Resources */ = {isa = PBXBuildFile; fileRef = FE6AB27521381637006FABE4 /* 200px-Rtriangle.svg.png */; };
		FE70496B21147EEF00687FB0 /* Screen Shot 2018-08-03 at 8.13.13 PM.png in Resources */ = {isa = PBXBuildFile; fileRef = FE70496A21147EEF00687FB0 /* Screen Shot 2018-08-03 at 8.13.13 PM.png */; };
		FE70496D21148A4400687FB0 /* advancedcalculatorViewController.swift in Sources */ = {isa = PBXBuildFile; fileRef = FE70496C21148A4400687FB0 /* advancedcalculatorViewController.swift */; };
		FE70497521153D9500687FB0 /* levelselectionViewController.swift in Sources */ = {isa = PBXBuildFile; fileRef = FE70497421153D9500687FB0 /* levelselectionViewController.swift */; };
		FE7049812116FA3E00687FB0 /* Pure-mathematics-formulæ-blackboard.jpg in Resources */ = {isa = PBXBuildFile; fileRef = FE70497D2116FA3E00687FB0 /* Pure-mathematics-formulæ-blackboard.jpg */; };
		FE7049822116FA3E00687FB0 /* download.jpeg in Resources */ = {isa = PBXBuildFile; fileRef = FE70497E2116FA3E00687FB0 /* download.jpeg */; };
		FE7049832116FA3E00687FB0 /* mathematics-989124_960_720.jpg in Resources */ = {isa = PBXBuildFile; fileRef = FE70497F2116FA3E00687FB0 /* mathematics-989124_960_720.jpg */; };
		FE7049842116FA3E00687FB0 /* math-1547018_960_720.jpg in Resources */ = {isa = PBXBuildFile; fileRef = FE7049802116FA3E00687FB0 /* math-1547018_960_720.jpg */; };
		FE704986211C3C9800687FB0 /* DetailViewController.swift in Sources */ = {isa = PBXBuildFile; fileRef = FE704985211C3C9800687FB0 /* DetailViewController.swift */; };
		FE72393E212AF29D00CD791C /* resultViewController.swift in Sources */ = {isa = PBXBuildFile; fileRef = FE72393D212AF29D00CD791C /* resultViewController.swift */; };
		FEA3809E2146A3700005DE02 /* geometryformulasheet-140423094437-phpapp02-thumbnail-4.jpg in Resources */ = {isa = PBXBuildFile; fileRef = FEA3809C2146A36F0005DE02 /* geometryformulasheet-140423094437-phpapp02-thumbnail-4.jpg */; };
		FEA3809F2146A3700005DE02 /* 6077337402_eda19cc5b8_b.jpg in Resources */ = {isa = PBXBuildFile; fileRef = FEA3809D2146A36F0005DE02 /* 6077337402_eda19cc5b8_b.jpg */; };
		FED4A6A3212D45DF000AD0B3 /* AllToolViewContollers.swift in Sources */ = {isa = PBXBuildFile; fileRef = FED4A6A2212D45DF000AD0B3 /* AllToolViewContollers.swift */; };
		FEF707B3215E1A6100DDC263 /* Probability in Resources */ = {isa = PBXBuildFile; fileRef = FEF707A7215E1A6000DDC263 /* Probability */; };
		FEF707B4215E1A6100DDC263 /* Graphs of Quadratic Functions in Resources */ = {isa = PBXBuildFile; fileRef = FEF707A8215E1A6000DDC263 /* Graphs of Quadratic Functions */; };
		FEF707B5215E1A6100DDC263 /* Equations and Inequalities in Resources */ = {isa = PBXBuildFile; fileRef = FEF707A9215E1A6000DDC263 /* Equations and Inequalities */; };
		FEF707B6215E1A6100DDC263 /* Set Language and Notation in Resources */ = {isa = PBXBuildFile; fileRef = FEF707AA215E1A6000DDC263 /* Set Language and Notation */; };
		FEF707B7215E1A6100DDC263 /* Pythagoras Theorem and Trigonometry in Resources */ = {isa = PBXBuildFile; fileRef = FEF707AB215E1A6000DDC263 /* Pythagoras Theorem and Trigonometry */; };
		FEF707B8215E1A6100DDC263 /* Matrices in Resources */ = {isa = PBXBuildFile; fileRef = FEF707AC215E1A6000DDC263 /* Matrices */; };
		FEF707B9215E1A6100DDC263 /* Estimation and Approximation in Resources */ = {isa = PBXBuildFile; fileRef = FEF707AD215E1A6000DDC263 /* Estimation and Approximation */; };
		FEF707BA215E1A6100DDC263 /* Algebraic Expressions and Formulae in Resources */ = {isa = PBXBuildFile; fileRef = FEF707AE215E1A6100DDC263 /* Algebraic Expressions and Formulae */; };
		FEF707BB215E1A6100DDC263 /* Direct and Inverse Proportions in Resources */ = {isa = PBXBuildFile; fileRef = FEF707AF215E1A6100DDC263 /* Direct and Inverse Proportions */; };
		FEF707BC215E1A6100DDC263 /* Congruency and Similarity in Resources */ = {isa = PBXBuildFile; fileRef = FEF707B0215E1A6100DDC263 /* Congruency and Similarity */; };
		FEF707BD215E1A6100DDC263 /* Simultaneous Equations in Resources */ = {isa = PBXBuildFile; fileRef = FEF707B1215E1A6100DDC263 /* Simultaneous Equations */; };
		FEF707BE215E1A6100DDC263 /* Ratio and proportion in Resources */ = {isa = PBXBuildFile; fileRef = FEF707B2215E1A6100DDC263 /* Ratio and proportion */; };
		FEF707CC215E1F3700DDC263 /* Geometrical Constructions in Resources */ = {isa = PBXBuildFile; fileRef = FEF707C2215E1F3600DDC263 /* Geometrical Constructions */; };
		FEF707CD215E1F3700DDC263 /* Integers, Rational and Real Numbers in Resources */ = {isa = PBXBuildFile; fileRef = FEF707C3215E1F3600DDC263 /* Integers, Rational and Real Numbers */; };
		FEF707CE215E1F3700DDC263 /* Perimeter and Area of plane figures in Resources */ = {isa = PBXBuildFile; fileRef = FEF707C4215E1F3700DDC263 /* Perimeter and Area of plane figures */; };
		FEF707CF215E1F3700DDC263 /* Data Handling in Resources */ = {isa = PBXBuildFile; fileRef = FEF707C5215E1F3700DDC263 /* Data Handling */; };
		FEF707D0215E1F3700DDC263 /* Simple Inequalities in Resources */ = {isa = PBXBuildFile; fileRef = FEF707C6215E1F3700DDC263 /* Simple Inequalities */; };
		FEF707D2215E1F3700DDC263 /* Algebraic Manipulation in Resources */ = {isa = PBXBuildFile; fileRef = FEF707C8215E1F3700DDC263 /* Algebraic Manipulation */; };
		FEF707D6215E217200DDC263 /* Linear Equations and Formula in Resources */ = {isa = PBXBuildFile; fileRef = FEF707D5215E217200DDC263 /* Linear Equations and Formula */; };
		FEF707D8215E219300DDC263 /* Linear Functions and Graphs in Resources */ = {isa = PBXBuildFile; fileRef = FEF707D7215E219300DDC263 /* Linear Functions and Graphs */; };
		FEF707DA215E21D600DDC263 /* Prime Numbers, Highest Common Factor, Lowest Common Multiple in Resources */ = {isa = PBXBuildFile; fileRef = FEF707D9215E21D600DDC263 /* Prime Numbers, Highest Common Factor, Lowest Common Multiple */; };
		FEFC6D4E21285881003DF6EC /* Screen Shot 2018-08-18 at 9.35.58 PM.png in Resources */ = {isa = PBXBuildFile; fileRef = FEFC6D4D21285881003DF6EC /* Screen Shot 2018-08-18 at 9.35.58 PM.png */; };
/* End PBXBuildFile section */

/* Begin PBXFileReference section */
		22A872F5A0E7487812A5305D /* Pods-MathX.debug.xcconfig */ = {isa = PBXFileReference; includeInIndex = 1; lastKnownFileType = text.xcconfig; name = "Pods-MathX.debug.xcconfig"; path = "Pods/Target Support Files/Pods-MathX/Pods-MathX.debug.xcconfig"; sourceTree = "<group>"; };
		6149B19C3D18A008AD8A8FC5 /* Pods-MathX.release.xcconfig */ = {isa = PBXFileReference; includeInIndex = 1; lastKnownFileType = text.xcconfig; name = "Pods-MathX.release.xcconfig"; path = "Pods/Target Support Files/Pods-MathX/Pods-MathX.release.xcconfig"; sourceTree = "<group>"; };
		656BA4E6C2223DDF7BAE19AE /* Pods_MathX.framework */ = {isa = PBXFileReference; explicitFileType = wrapper.framework; includeInIndex = 0; path = Pods_MathX.framework; sourceTree = BUILT_PRODUCTS_DIR; };
		AF2763BE20720E780070787B /* cooltext280879586962584 copy.png */ = {isa = PBXFileReference; lastKnownFileType = image.png; path = "cooltext280879586962584 copy.png"; sourceTree = "<group>"; };
		AF2763C020720F440070787B /* ethnocentric rg it.ttf */ = {isa = PBXFileReference; lastKnownFileType = file; path = "ethnocentric rg it.ttf"; sourceTree = "<group>"; };
		AF47CE9F2072261D00949253 /* OrionLogoWhite.png */ = {isa = PBXFileReference; lastKnownFileType = image.png; path = OrionLogoWhite.png; sourceTree = "<group>"; };
		AF8B79BB208495FB003EC1E5 /* CalculatorViewController.swift */ = {isa = PBXFileReference; lastKnownFileType = sourcecode.swift; path = CalculatorViewController.swift; sourceTree = "<group>"; };
		AFA58A272043E84200A227B9 /* MathX.app */ = {isa = PBXFileReference; explicitFileType = wrapper.application; includeInIndex = 0; path = MathX.app; sourceTree = BUILT_PRODUCTS_DIR; };
		AFA58A2A2043E84200A227B9 /* AppDelegate.swift */ = {isa = PBXFileReference; lastKnownFileType = sourcecode.swift; path = AppDelegate.swift; sourceTree = "<group>"; };
		AFA58A2F2043E84200A227B9 /* Base */ = {isa = PBXFileReference; lastKnownFileType = file.storyboard; name = Base; path = Base.lproj/Main.storyboard; sourceTree = "<group>"; };
		AFA58A312043E84200A227B9 /* Assets.xcassets */ = {isa = PBXFileReference; lastKnownFileType = folder.assetcatalog; path = Assets.xcassets; sourceTree = "<group>"; };
		AFA58A342043E84200A227B9 /* Base */ = {isa = PBXFileReference; lastKnownFileType = file.storyboard; name = Base; path = Base.lproj/LaunchScreen.storyboard; sourceTree = "<group>"; };
		AFA58A362043E84200A227B9 /* Info.plist */ = {isa = PBXFileReference; lastKnownFileType = text.plist.xml; path = Info.plist; sourceTree = "<group>"; };
		AFA58A3C2043EA8B00A227B9 /* Screen Shot 2018-01-12 at 8.46.23 AM.png */ = {isa = PBXFileReference; lastKnownFileType = image.png; path = "Screen Shot 2018-01-12 at 8.46.23 AM.png"; sourceTree = "<group>"; };
		AFA58A532043EFA400A227B9 /* calculator.png */ = {isa = PBXFileReference; lastKnownFileType = image.png; path = calculator.png; sourceTree = "<group>"; };
		AFA58A592043F0C200A227B9 /* cheatsheet copy.png */ = {isa = PBXFileReference; lastKnownFileType = image.png; path = "cheatsheet copy.png"; sourceTree = "<group>"; };
		AFA58A5A2043F0C200A227B9 /* cheatsheet.png */ = {isa = PBXFileReference; lastKnownFileType = image.png; path = cheatsheet.png; sourceTree = "<group>"; };
		AFA58A5B2043F0C200A227B9 /* cheatsheet copy 2.png */ = {isa = PBXFileReference; lastKnownFileType = image.png; path = "cheatsheet copy 2.png"; sourceTree = "<group>"; };
		AFA58A5F2043F0C900A227B9 /* note copy 2.png */ = {isa = PBXFileReference; lastKnownFileType = image.png; path = "note copy 2.png"; sourceTree = "<group>"; };
		AFA58A602043F0C900A227B9 /* note.png */ = {isa = PBXFileReference; lastKnownFileType = image.png; path = note.png; sourceTree = "<group>"; };
		AFA58A612043F0CA00A227B9 /* note copy.png */ = {isa = PBXFileReference; lastKnownFileType = image.png; path = "note copy.png"; sourceTree = "<group>"; };
		AFD18C3A20FC7FB90097D158 /* secondary.swift */ = {isa = PBXFileReference; lastKnownFileType = sourcecode.swift; path = secondary.swift; sourceTree = "<group>"; };
		AFD6CABC204D2EC4004D931E /* NotesViewController.swift */ = {isa = PBXFileReference; lastKnownFileType = sourcecode.swift; path = NotesViewController.swift; sourceTree = "<group>"; };
		FE6AB2502136AEA2006FABE4 /* ViewController.swift */ = {isa = PBXFileReference; fileEncoding = 4; lastKnownFileType = sourcecode.swift; path = ViewController.swift; sourceTree = "<group>"; };
		FE6AB2522136AEAF006FABE4 /* ResultView.swift */ = {isa = PBXFileReference; fileEncoding = 4; lastKnownFileType = sourcecode.swift; path = ResultView.swift; sourceTree = "<group>"; };
		FE6AB2542136AEB6006FABE4 /* UIView+Fade.swift */ = {isa = PBXFileReference; fileEncoding = 4; lastKnownFileType = sourcecode.swift; path = "UIView+Fade.swift"; sourceTree = "<group>"; };
		FE6AB2562136AEBD006FABE4 /* String+Substring.swift */ = {isa = PBXFileReference; fileEncoding = 4; lastKnownFileType = sourcecode.swift; path = "String+Substring.swift"; sourceTree = "<group>"; };
		FE6AB2592136AF0D006FABE4 /* Solving_Quadratic_Equations.xcdatamodel */ = {isa = PBXFileReference; lastKnownFileType = wrapper.xcdatamodel; path = Solving_Quadratic_Equations.xcdatamodel; sourceTree = "<group>"; };
		FE6AB25D2137E1FF006FABE4 /* searchTableViewController.swift */ = {isa = PBXFileReference; fileEncoding = 4; lastKnownFileType = sourcecode.swift; path = searchTableViewController.swift; sourceTree = "<group>"; };
		FE6AB2622137FAB6006FABE4 /* Algebraic Manipulation.pdf */ = {isa = PBXFileReference; lastKnownFileType = image.pdf; path = "Algebraic Manipulation.pdf"; sourceTree = "<group>"; };
		FE6AB2632137FAB6006FABE4 /* Integers, Rational and Real Numbers.pdf */ = {isa = PBXFileReference; lastKnownFileType = image.pdf; path = "Integers, Rational and Real Numbers.pdf"; sourceTree = "<group>"; };
		FE6AB2642137FAB6006FABE4 /* Data Handling.pdf */ = {isa = PBXFileReference; lastKnownFileType = image.pdf; path = "Data Handling.pdf"; sourceTree = "<group>"; };
		FE6AB2652137FAB7006FABE4 /* Perimeter and Area of plane figures.pdf */ = {isa = PBXFileReference; lastKnownFileType = image.pdf; path = "Perimeter and Area of plane figures.pdf"; sourceTree = "<group>"; };
		FE6AB2662137FAB7006FABE4 /* Geometrical Constructions.pdf */ = {isa = PBXFileReference; lastKnownFileType = image.pdf; path = "Geometrical Constructions.pdf"; sourceTree = "<group>"; };
		FE6AB2672137FAB7006FABE4 /* Linear Equations and Formula.pdf */ = {isa = PBXFileReference; lastKnownFileType = image.pdf; path = "Linear Equations and Formula.pdf"; sourceTree = "<group>"; };
		FE6AB2682137FAB7006FABE4 /* Linear Functions and Graphs.pdf */ = {isa = PBXFileReference; lastKnownFileType = image.pdf; path = "Linear Functions and Graphs.pdf"; sourceTree = "<group>"; };
		FE6AB2692137FAB7006FABE4 /* Simple Inequalities.pdf */ = {isa = PBXFileReference; lastKnownFileType = image.pdf; path = "Simple Inequalities.pdf"; sourceTree = "<group>"; };
		FE6AB273213815C2006FABE4 /* 2000px-Rapporteur_180deg.svg.png */ = {isa = PBXFileReference; lastKnownFileType = image.png; path = "2000px-Rapporteur_180deg.svg.png"; sourceTree = "<group>"; };
		FE6AB27521381637006FABE4 /* 200px-Rtriangle.svg.png */ = {isa = PBXFileReference; lastKnownFileType = image.png; path = "200px-Rtriangle.svg.png"; sourceTree = "<group>"; };
		FE70496A21147EEF00687FB0 /* Screen Shot 2018-08-03 at 8.13.13 PM.png */ = {isa = PBXFileReference; lastKnownFileType = image.png; path = "Screen Shot 2018-08-03 at 8.13.13 PM.png"; sourceTree = "<group>"; };
		FE70496C21148A4400687FB0 /* advancedcalculatorViewController.swift */ = {isa = PBXFileReference; lastKnownFileType = sourcecode.swift; path = advancedcalculatorViewController.swift; sourceTree = "<group>"; };
		FE70497421153D9500687FB0 /* levelselectionViewController.swift */ = {isa = PBXFileReference; lastKnownFileType = sourcecode.swift; path = levelselectionViewController.swift; sourceTree = "<group>"; };
		FE70497D2116FA3E00687FB0 /* Pure-mathematics-formulæ-blackboard.jpg */ = {isa = PBXFileReference; lastKnownFileType = image.jpeg; path = "Pure-mathematics-formulæ-blackboard.jpg"; sourceTree = "<group>"; };
		FE70497E2116FA3E00687FB0 /* download.jpeg */ = {isa = PBXFileReference; lastKnownFileType = image.jpeg; path = download.jpeg; sourceTree = "<group>"; };
		FE70497F2116FA3E00687FB0 /* mathematics-989124_960_720.jpg */ = {isa = PBXFileReference; lastKnownFileType = image.jpeg; path = "mathematics-989124_960_720.jpg"; sourceTree = "<group>"; };
		FE7049802116FA3E00687FB0 /* math-1547018_960_720.jpg */ = {isa = PBXFileReference; lastKnownFileType = image.jpeg; path = "math-1547018_960_720.jpg"; sourceTree = "<group>"; };
		FE704985211C3C9800687FB0 /* DetailViewController.swift */ = {isa = PBXFileReference; lastKnownFileType = sourcecode.swift; path = DetailViewController.swift; sourceTree = "<group>"; };
		FE72393D212AF29D00CD791C /* resultViewController.swift */ = {isa = PBXFileReference; lastKnownFileType = sourcecode.swift; path = resultViewController.swift; sourceTree = "<group>"; };
		FEA3809C2146A36F0005DE02 /* geometryformulasheet-140423094437-phpapp02-thumbnail-4.jpg */ = {isa = PBXFileReference; lastKnownFileType = image.jpeg; path = "geometryformulasheet-140423094437-phpapp02-thumbnail-4.jpg"; sourceTree = "<group>"; };
		FEA3809D2146A36F0005DE02 /* 6077337402_eda19cc5b8_b.jpg */ = {isa = PBXFileReference; lastKnownFileType = image.jpeg; path = 6077337402_eda19cc5b8_b.jpg; sourceTree = "<group>"; };
		FED4A6A2212D45DF000AD0B3 /* AllToolViewContollers.swift */ = {isa = PBXFileReference; lastKnownFileType = sourcecode.swift; path = AllToolViewContollers.swift; sourceTree = "<group>"; };
		FEF707A7215E1A6000DDC263 /* Probability */ = {isa = PBXFileReference; lastKnownFileType = folder; path = Probability; sourceTree = "<group>"; };
		FEF707A8215E1A6000DDC263 /* Graphs of Quadratic Functions */ = {isa = PBXFileReference; lastKnownFileType = folder; path = "Graphs of Quadratic Functions"; sourceTree = "<group>"; };
		FEF707A9215E1A6000DDC263 /* Equations and Inequalities */ = {isa = PBXFileReference; lastKnownFileType = folder; path = "Equations and Inequalities"; sourceTree = "<group>"; };
		FEF707AA215E1A6000DDC263 /* Set Language and Notation */ = {isa = PBXFileReference; lastKnownFileType = folder; path = "Set Language and Notation"; sourceTree = "<group>"; };
		FEF707AB215E1A6000DDC263 /* Pythagoras Theorem and Trigonometry */ = {isa = PBXFileReference; lastKnownFileType = folder; path = "Pythagoras Theorem and Trigonometry"; sourceTree = "<group>"; };
		FEF707AC215E1A6000DDC263 /* Matrices */ = {isa = PBXFileReference; lastKnownFileType = folder; path = Matrices; sourceTree = "<group>"; };
		FEF707AD215E1A6000DDC263 /* Estimation and Approximation */ = {isa = PBXFileReference; lastKnownFileType = folder; path = "Estimation and Approximation"; sourceTree = "<group>"; };
		FEF707AE215E1A6100DDC263 /* Algebraic Expressions and Formulae */ = {isa = PBXFileReference; lastKnownFileType = folder; path = "Algebraic Expressions and Formulae"; sourceTree = "<group>"; };
		FEF707AF215E1A6100DDC263 /* Direct and Inverse Proportions */ = {isa = PBXFileReference; lastKnownFileType = folder; path = "Direct and Inverse Proportions"; sourceTree = "<group>"; };
		FEF707B0215E1A6100DDC263 /* Congruency and Similarity */ = {isa = PBXFileReference; lastKnownFileType = folder; path = "Congruency and Similarity"; sourceTree = "<group>"; };
		FEF707B1215E1A6100DDC263 /* Simultaneous Equations */ = {isa = PBXFileReference; lastKnownFileType = folder; path = "Simultaneous Equations"; sourceTree = "<group>"; };
		FEF707B2215E1A6100DDC263 /* Ratio and proportion */ = {isa = PBXFileReference; lastKnownFileType = folder; path = "Ratio and proportion"; sourceTree = "<group>"; };
		FEF707C2215E1F3600DDC263 /* Geometrical Constructions */ = {isa = PBXFileReference; lastKnownFileType = folder; path = "Geometrical Constructions"; sourceTree = "<group>"; };
		FEF707C3215E1F3600DDC263 /* Integers, Rational and Real Numbers */ = {isa = PBXFileReference; lastKnownFileType = folder; path = "Integers, Rational and Real Numbers"; sourceTree = "<group>"; };
		FEF707C4215E1F3700DDC263 /* Perimeter and Area of plane figures */ = {isa = PBXFileReference; lastKnownFileType = folder; path = "Perimeter and Area of plane figures"; sourceTree = "<group>"; };
		FEF707C5215E1F3700DDC263 /* Data Handling */ = {isa = PBXFileReference; lastKnownFileType = folder; path = "Data Handling"; sourceTree = "<group>"; };
		FEF707C6215E1F3700DDC263 /* Simple Inequalities */ = {isa = PBXFileReference; lastKnownFileType = folder; path = "Simple Inequalities"; sourceTree = "<group>"; };
		FEF707C8215E1F3700DDC263 /* Algebraic Manipulation */ = {isa = PBXFileReference; lastKnownFileType = folder; path = "Algebraic Manipulation"; sourceTree = "<group>"; };
		FEF707D5215E217200DDC263 /* Linear Equations and Formula */ = {isa = PBXFileReference; lastKnownFileType = folder; path = "Linear Equations and Formula"; sourceTree = "<group>"; };
		FEF707D7215E219300DDC263 /* Linear Functions and Graphs */ = {isa = PBXFileReference; lastKnownFileType = folder; path = "Linear Functions and Graphs"; sourceTree = "<group>"; };
		FEF707D9215E21D600DDC263 /* Prime Numbers, Highest Common Factor, Lowest Common Multiple */ = {isa = PBXFileReference; lastKnownFileType = folder; path = "Prime Numbers, Highest Common Factor, Lowest Common Multiple"; sourceTree = "<group>"; };
		FEFC6D4D21285881003DF6EC /* Screen Shot 2018-08-18 at 9.35.58 PM.png */ = {isa = PBXFileReference; lastKnownFileType = image.png; path = "Screen Shot 2018-08-18 at 9.35.58 PM.png"; sourceTree = "<group>"; };
/* End PBXFileReference section */

/* Begin PBXFrameworksBuildPhase section */
		AFA58A242043E84200A227B9 /* Frameworks */ = {
			isa = PBXFrameworksBuildPhase;
			buildActionMask = 2147483647;
			files = (
				8ED5C14D8975014CBE7F1B9B /* Pods_MathX.framework in Frameworks */,
			);
			runOnlyForDeploymentPostprocessing = 0;
		};
/* End PBXFrameworksBuildPhase section */

/* Begin PBXGroup section */
		A3D438B03B8F58596C0A09DA /* Pods */ = {
			isa = PBXGroup;
			children = (
				22A872F5A0E7487812A5305D /* Pods-MathX.debug.xcconfig */,
				6149B19C3D18A008AD8A8FC5 /* Pods-MathX.release.xcconfig */,
			);
			name = Pods;
			sourceTree = "<group>";
		};
		AFA58A1E2043E84200A227B9 = {
			isa = PBXGroup;
			children = (
				AFA58A292043E84200A227B9 /* MathX */,
				AFA58A282043E84200A227B9 /* Products */,
				A3D438B03B8F58596C0A09DA /* Pods */,
				C6942B7171D322F697338E87 /* Frameworks */,
			);
			sourceTree = "<group>";
		};
		AFA58A282043E84200A227B9 /* Products */ = {
			isa = PBXGroup;
			children = (
				AFA58A272043E84200A227B9 /* MathX.app */,
			);
			name = Products;
			sourceTree = "<group>";
		};
		AFA58A292043E84200A227B9 /* MathX */ = {
			isa = PBXGroup;
			children = (
				FE6AB25D2137E1FF006FABE4 /* searchTableViewController.swift */,
				FE6AB2582136AF0D006FABE4 /* Solving_Quadratic_Equations.xcdatamodeld */,
				FE6AB2502136AEA2006FABE4 /* ViewController.swift */,
				FE6AB2522136AEAF006FABE4 /* ResultView.swift */,
				FE6AB2562136AEBD006FABE4 /* String+Substring.swift */,
				FE6AB2542136AEB6006FABE4 /* UIView+Fade.swift */,
				FE70497421153D9500687FB0 /* levelselectionViewController.swift */,
				AFA58A2A2043E84200A227B9 /* AppDelegate.swift */,
				AFA58A2E2043E84200A227B9 /* Main.storyboard */,
				FED4A6A2212D45DF000AD0B3 /* AllToolViewContollers.swift */,
				FE6AB273213815C2006FABE4 /* 2000px-Rapporteur_180deg.svg.png */,
				FE6AB27521381637006FABE4 /* 200px-Rtriangle.svg.png */,
				FE72393D212AF29D00CD791C /* resultViewController.swift */,
				FE70496C21148A4400687FB0 /* advancedcalculatorViewController.swift */,
				AFD18C3A20FC7FB90097D158 /* secondary.swift */,
				AFD6CABC204D2EC4004D931E /* NotesViewController.swift */,
				FE704985211C3C9800687FB0 /* DetailViewController.swift */,
				AF8B79BB208495FB003EC1E5 /* CalculatorViewController.swift */,
				AFA58A312043E84200A227B9 /* Assets.xcassets */,
				AFA58A332043E84200A227B9 /* LaunchScreen.storyboard */,
				AFA58A362043E84200A227B9 /* Info.plist */,
				AF2763C020720F440070787B /* ethnocentric rg it.ttf */,
				FE7049772116F9BF00687FB0 /* Pdfs */,
				AFA58A3E2043EAA900A227B9 /* Photos */,
			);
			path = MathX;
			sourceTree = "<group>";
		};
		AFA58A3E2043EAA900A227B9 /* Photos */ = {
			isa = PBXGroup;
			children = (
				FE70497C2116FA2600687FB0 /* SEC1-4PHOTOES */,
				FE70496A21147EEF00687FB0 /* Screen Shot 2018-08-03 at 8.13.13 PM.png */,
				AFA58A5B2043F0C200A227B9 /* cheatsheet copy 2.png */,
				AF2763BE20720E780070787B /* cooltext280879586962584 copy.png */,
				AF47CE9F2072261D00949253 /* OrionLogoWhite.png */,
				AFA58A592043F0C200A227B9 /* cheatsheet copy.png */,
				AFA58A5A2043F0C200A227B9 /* cheatsheet.png */,
				AFA58A532043EFA400A227B9 /* calculator.png */,
				AFA58A3C2043EA8B00A227B9 /* Screen Shot 2018-01-12 at 8.46.23 AM.png */,
				AFA58A5F2043F0C900A227B9 /* note copy 2.png */,
				AFA58A612043F0CA00A227B9 /* note copy.png */,
				AFA58A602043F0C900A227B9 /* note.png */,
				FEA3809D2146A36F0005DE02 /* 6077337402_eda19cc5b8_b.jpg */,
				FEA3809C2146A36F0005DE02 /* geometryformulasheet-140423094437-phpapp02-thumbnail-4.jpg */,
			);
			path = Photos;
			sourceTree = "<group>";
		};
		C6942B7171D322F697338E87 /* Frameworks */ = {
			isa = PBXGroup;
			children = (
				656BA4E6C2223DDF7BAE19AE /* Pods_MathX.framework */,
			);
			name = Frameworks;
			sourceTree = "<group>";
		};
		FE7049772116F9BF00687FB0 /* Pdfs */ = {
			isa = PBXGroup;
			children = (
				FE70497B2116F9FA00687FB0 /* sec 4 */,
				FE70497A2116F9F500687FB0 /* sec 3 */,
				FE7049792116F9E400687FB0 /* sec 2 */,
				FE7049782116F9DD00687FB0 /* sec 1 */,
			);
			name = Pdfs;
			sourceTree = "<group>";
		};
		FE7049782116F9DD00687FB0 /* sec 1 */ = {
			isa = PBXGroup;
			children = (
				FEF707D5215E217200DDC263 /* Linear Equations and Formula */,
				FEF707AD215E1A6000DDC263 /* Estimation and Approximation */,
				FEF707C6215E1F3700DDC263 /* Simple Inequalities */,
				FEF707C3215E1F3600DDC263 /* Integers, Rational and Real Numbers */,
				FEF707C5215E1F3700DDC263 /* Data Handling */,
				FEF707C2215E1F3600DDC263 /* Geometrical Constructions */,
				FEF707C4215E1F3700DDC263 /* Perimeter and Area of plane figures */,
				FEF707D7215E219300DDC263 /* Linear Functions and Graphs */,
				FEF707C8215E1F3700DDC263 /* Algebraic Manipulation */,
				FE6AB2622137FAB6006FABE4 /* Algebraic Manipulation.pdf */,
				FE6AB2642137FAB6006FABE4 /* Data Handling.pdf */,
				FE6AB2662137FAB7006FABE4 /* Geometrical Constructions.pdf */,
				FE6AB2632137FAB6006FABE4 /* Integers, Rational and Real Numbers.pdf */,
				FE6AB2672137FAB7006FABE4 /* Linear Equations and Formula.pdf */,
				FE6AB2682137FAB7006FABE4 /* Linear Functions and Graphs.pdf */,
				FE6AB2652137FAB7006FABE4 /* Perimeter and Area of plane figures.pdf */,
				FE6AB2692137FAB7006FABE4 /* Simple Inequalities.pdf */,
				FEF707D9215E21D600DDC263 /* Prime Numbers, Highest Common Factor, Lowest Common Multiple */,
			);
			name = "sec 1";
			sourceTree = "<group>";
		};
		FE7049792116F9E400687FB0 /* sec 2 */ = {
			isa = PBXGroup;
			children = (
				FEF707B1215E1A6100DDC263 /* Simultaneous Equations */,
				FEF707AC215E1A6000DDC263 /* Matrices */,
				FEF707AA215E1A6000DDC263 /* Set Language and Notation */,
				FEF707AE215E1A6100DDC263 /* Algebraic Expressions and Formulae */,
				FEF707A7215E1A6000DDC263 /* Probability */,
				FEF707A8215E1A6000DDC263 /* Graphs of Quadratic Functions */,
				FEF707A9215E1A6000DDC263 /* Equations and Inequalities */,
				FEF707B0215E1A6100DDC263 /* Congruency and Similarity */,
				FEF707B2215E1A6100DDC263 /* Ratio and proportion */,
				FEF707AB215E1A6000DDC263 /* Pythagoras Theorem and Trigonometry */,
				FEF707AF215E1A6100DDC263 /* Direct and Inverse Proportions */,
			);
			name = "sec 2";
			sourceTree = "<group>";
		};
		FE70497A2116F9F500687FB0 /* sec 3 */ = {
			isa = PBXGroup;
			children = (
			);
			name = "sec 3";
			sourceTree = "<group>";
		};
		FE70497B2116F9FA00687FB0 /* sec 4 */ = {
			isa = PBXGroup;
			children = (
			);
			name = "sec 4";
			sourceTree = "<group>";
		};
		FE70497C2116FA2600687FB0 /* SEC1-4PHOTOES */ = {
			isa = PBXGroup;
			children = (
				FEFC6D4D21285881003DF6EC /* Screen Shot 2018-08-18 at 9.35.58 PM.png */,
				FE70497E2116FA3E00687FB0 /* download.jpeg */,
				FE7049802116FA3E00687FB0 /* math-1547018_960_720.jpg */,
				FE70497F2116FA3E00687FB0 /* mathematics-989124_960_720.jpg */,
				FE70497D2116FA3E00687FB0 /* Pure-mathematics-formulæ-blackboard.jpg */,
			);
			path = "SEC1-4PHOTOES";
			sourceTree = "<group>";
		};
/* End PBXGroup section */

/* Begin PBXNativeTarget section */
		AFA58A262043E84200A227B9 /* MathX */ = {
			isa = PBXNativeTarget;
			buildConfigurationList = AFA58A392043E84200A227B9 /* Build configuration list for PBXNativeTarget "MathX" */;
			buildPhases = (
				02FF3BB5BA2F08D7D701AA55 /* [CP] Check Pods Manifest.lock */,
				AFA58A232043E84200A227B9 /* Sources */,
				AFA58A242043E84200A227B9 /* Frameworks */,
				AFA58A252043E84200A227B9 /* Resources */,
				7DC7CEBB905C0521EFA09E69 /* [CP] Embed Pods Frameworks */,
				D5FAB85A0E5EA3194AAA4712 /* [CP] Copy Pods Resources */,
			);
			buildRules = (
			);
			dependencies = (
			);
			name = MathX;
			productName = MathX;
			productReference = AFA58A272043E84200A227B9 /* MathX.app */;
			productType = "com.apple.product-type.application";
		};
/* End PBXNativeTarget section */

/* Begin PBXProject section */
		AFA58A1F2043E84200A227B9 /* Project object */ = {
			isa = PBXProject;
			attributes = {
				LastSwiftUpdateCheck = 0920;
				LastUpgradeCheck = 0920;
				ORGANIZATIONNAME = "Zachary Sim";
				TargetAttributes = {
					AFA58A262043E84200A227B9 = {
						CreatedOnToolsVersion = 9.2;
						LastSwiftMigration = 1000;
						ProvisioningStyle = Automatic;
						SystemCapabilities = {
							com.apple.Maps.iOS = {
								enabled = 0;
							};
						};
					};
				};
			};
			buildConfigurationList = AFA58A222043E84200A227B9 /* Build configuration list for PBXProject "MathX" */;
			compatibilityVersion = "Xcode 8.0";
			developmentRegion = en;
			hasScannedForEncodings = 0;
			knownRegions = (
				en,
				Base,
			);
			mainGroup = AFA58A1E2043E84200A227B9;
			productRefGroup = AFA58A282043E84200A227B9 /* Products */;
			projectDirPath = "";
			projectRoot = "";
			targets = (
				AFA58A262043E84200A227B9 /* MathX */,
			);
		};
/* End PBXProject section */

/* Begin PBXResourcesBuildPhase section */
		AFA58A252043E84200A227B9 /* Resources */ = {
			isa = PBXResourcesBuildPhase;
			buildActionMask = 2147483647;
			files = (
				FEF707D2215E1F3700DDC263 /* Algebraic Manipulation in Resources */,
				FEF707B8215E1A6100DDC263 /* Matrices in Resources */,
				FEF707CE215E1F3700DDC263 /* Perimeter and Area of plane figures in Resources */,
				FEF707B9215E1A6100DDC263 /* Estimation and Approximation in Resources */,
				FEA3809F2146A3700005DE02 /* 6077337402_eda19cc5b8_b.jpg in Resources */,
				FE6AB26A2137FBA6006FABE4 /* Algebraic Manipulation.pdf in Resources */,
				FE6AB26B2137FBA6006FABE4 /* Data Handling.pdf in Resources */,
				FE6AB26D2137FBA6006FABE4 /* Geometrical Constructions.pdf in Resources */,
				FE6AB26E2137FBA6006FABE4 /* Integers, Rational and Real Numbers.pdf in Resources */,
				FE6AB26F2137FBA6006FABE4 /* Linear Equations and Formula.pdf in Resources */,
				FE6AB2702137FBA6006FABE4 /* Linear Functions and Graphs.pdf in Resources */,
				FE6AB2712137FBA6006FABE4 /* Perimeter and Area of plane figures.pdf in Resources */,
				FEF707BA215E1A6100DDC263 /* Algebraic Expressions and Formulae in Resources */,
				FE6AB274213815C3006FABE4 /* 2000px-Rapporteur_180deg.svg.png in Resources */,
				FEF707B5215E1A6100DDC263 /* Equations and Inequalities in Resources */,
				FEF707CD215E1F3700DDC263 /* Integers, Rational and Real Numbers in Resources */,
				FEF707D0215E1F3700DDC263 /* Simple Inequalities in Resources */,
				FE6AB2722137FBA6006FABE4 /* Simple Inequalities.pdf in Resources */,
				AFA58A3D2043EA8B00A227B9 /* Screen Shot 2018-01-12 at 8.46.23 AM.png in Resources */,
				FE70496B21147EEF00687FB0 /* Screen Shot 2018-08-03 at 8.13.13 PM.png in Resources */,
				AFA58A622043F0CA00A227B9 /* note copy 2.png in Resources */,
				FEF707B6215E1A6100DDC263 /* Set Language and Notation in Resources */,
				AF47CEA02072261D00949253 /* OrionLogoWhite.png in Resources */,
				FEF707BB215E1A6100DDC263 /* Direct and Inverse Proportions in Resources */,
				FEF707B4215E1A6100DDC263 /* Graphs of Quadratic Functions in Resources */,
				FEFC6D4E21285881003DF6EC /* Screen Shot 2018-08-18 at 9.35.58 PM.png in Resources */,
				AFA58A352043E84200A227B9 /* LaunchScreen.storyboard in Resources */,
				AFA58A322043E84200A227B9 /* Assets.xcassets in Resources */,
				FE6AB27621381638006FABE4 /* 200px-Rtriangle.svg.png in Resources */,
				FEF707BE215E1A6100DDC263 /* Ratio and proportion in Resources */,
				FEF707B3215E1A6100DDC263 /* Probability in Resources */,
				AFA58A632043F0CA00A227B9 /* note.png in Resources */,
				FEF707D8215E219300DDC263 /* Linear Functions and Graphs in Resources */,
				FEF707DA215E21D600DDC263 /* Prime Numbers, Highest Common Factor, Lowest Common Multiple in Resources */,
				FEF707D6215E217200DDC263 /* Linear Equations and Formula in Resources */,
				AFA58A562043EFA400A227B9 /* calculator.png in Resources */,
				AFA58A302043E84200A227B9 /* Main.storyboard in Resources */,
				FEF707BD215E1A6100DDC263 /* Simultaneous Equations in Resources */,
				FE7049842116FA3E00687FB0 /* math-1547018_960_720.jpg in Resources */,
				FEA3809E2146A3700005DE02 /* geometryformulasheet-140423094437-phpapp02-thumbnail-4.jpg in Resources */,
				FEF707CC215E1F3700DDC263 /* Geometrical Constructions in Resources */,
				AFA58A5E2043F0C200A227B9 /* cheatsheet copy 2.png in Resources */,
				AFA58A5C2043F0C200A227B9 /* cheatsheet copy.png in Resources */,
				FEF707BC215E1A6100DDC263 /* Congruency and Similarity in Resources */,
				FE7049822116FA3E00687FB0 /* download.jpeg in Resources */,
				AF2763C2207210460070787B /* ethnocentric rg it.ttf in Resources */,
				AFA58A642043F0CA00A227B9 /* note copy.png in Resources */,
				FEF707CF215E1F3700DDC263 /* Data Handling in Resources */,
				FE7049812116FA3E00687FB0 /* Pure-mathematics-formulæ-blackboard.jpg in Resources */,
				FE7049832116FA3E00687FB0 /* mathematics-989124_960_720.jpg in Resources */,
				AF2763BF20720E780070787B /* cooltext280879586962584 copy.png in Resources */,
				FEF707B7215E1A6100DDC263 /* Pythagoras Theorem and Trigonometry in Resources */,
				AFA58A5D2043F0C200A227B9 /* cheatsheet.png in Resources */,
			);
			runOnlyForDeploymentPostprocessing = 0;
		};
/* End PBXResourcesBuildPhase section */

/* Begin PBXShellScriptBuildPhase section */
		02FF3BB5BA2F08D7D701AA55 /* [CP] Check Pods Manifest.lock */ = {
			isa = PBXShellScriptBuildPhase;
			buildActionMask = 2147483647;
			files = (
			);
			inputPaths = (
				"${PODS_PODFILE_DIR_PATH}/Podfile.lock",
				"${PODS_ROOT}/Manifest.lock",
			);
			name = "[CP] Check Pods Manifest.lock";
			outputPaths = (
				"$(DERIVED_FILE_DIR)/Pods-MathX-checkManifestLockResult.txt",
			);
			runOnlyForDeploymentPostprocessing = 0;
			shellPath = /bin/sh;
			shellScript = "diff \"${PODS_PODFILE_DIR_PATH}/Podfile.lock\" \"${PODS_ROOT}/Manifest.lock\" > /dev/null\nif [ $? != 0 ] ; then\n    # print error to STDERR\n    echo \"error: The sandbox is not in sync with the Podfile.lock. Run 'pod install' or update your CocoaPods installation.\" >&2\n    exit 1\nfi\n# This output is used by Xcode 'outputs' to avoid re-running this script phase.\necho \"SUCCESS\" > \"${SCRIPT_OUTPUT_FILE_0}\"\n";
			showEnvVarsInLog = 0;
		};
		7DC7CEBB905C0521EFA09E69 /* [CP] Embed Pods Frameworks */ = {
			isa = PBXShellScriptBuildPhase;
			buildActionMask = 2147483647;
			files = (
			);
			inputPaths = (
				"${SRCROOT}/Pods/Target Support Files/Pods-MathX/Pods-MathX-frameworks.sh",
				"${BUILT_PRODUCTS_DIR}/Expression/Expression.framework",
			);
			name = "[CP] Embed Pods Frameworks";
			outputPaths = (
				"${TARGET_BUILD_DIR}/${FRAMEWORKS_FOLDER_PATH}/Expression.framework",
			);
			runOnlyForDeploymentPostprocessing = 0;
			shellPath = /bin/sh;
			shellScript = "\"${SRCROOT}/Pods/Target Support Files/Pods-MathX/Pods-MathX-frameworks.sh\"\n";
			showEnvVarsInLog = 0;
		};
		D5FAB85A0E5EA3194AAA4712 /* [CP] Copy Pods Resources */ = {
			isa = PBXShellScriptBuildPhase;
			buildActionMask = 2147483647;
			files = (
			);
			inputPaths = (
			);
			name = "[CP] Copy Pods Resources";
			outputPaths = (
			);
			runOnlyForDeploymentPostprocessing = 0;
			shellPath = /bin/sh;
			shellScript = "\"${SRCROOT}/Pods/Target Support Files/Pods-MathX/Pods-MathX-resources.sh\"\n";
			showEnvVarsInLog = 0;
		};
/* End PBXShellScriptBuildPhase section */

/* Begin PBXSourcesBuildPhase section */
		AFA58A232043E84200A227B9 /* Sources */ = {
			isa = PBXSourcesBuildPhase;
			buildActionMask = 2147483647;
			files = (
				FE6AB2552136AEB7006FABE4 /* UIView+Fade.swift in Sources */,
				FE6AB25A2136AF0D006FABE4 /* Solving_Quadratic_Equations.xcdatamodeld in Sources */,
				FE6AB2512136AEA2006FABE4 /* ViewController.swift in Sources */,
				FE70497521153D9500687FB0 /* levelselectionViewController.swift in Sources */,
				FE6AB2532136AEAF006FABE4 /* ResultView.swift in Sources */,
				FE70496D21148A4400687FB0 /* advancedcalculatorViewController.swift in Sources */,
				FED4A6A3212D45DF000AD0B3 /* AllToolViewContollers.swift in Sources */,
				FE6AB2572136AEBE006FABE4 /* String+Substring.swift in Sources */,
				AFD6CABD204D2EC4004D931E /* NotesViewController.swift in Sources */,
				FE72393E212AF29D00CD791C /* resultViewController.swift in Sources */,
				FE6AB25E2137E1FF006FABE4 /* searchTableViewController.swift in Sources */,
				AFD18C3B20FC7FB90097D158 /* secondary.swift in Sources */,
				AFA58A2B2043E84200A227B9 /* AppDelegate.swift in Sources */,
				AF8B79BC208495FB003EC1E5 /* CalculatorViewController.swift in Sources */,
				FE704986211C3C9800687FB0 /* DetailViewController.swift in Sources */,
			);
			runOnlyForDeploymentPostprocessing = 0;
		};
/* End PBXSourcesBuildPhase section */

/* Begin PBXVariantGroup section */
		AFA58A2E2043E84200A227B9 /* Main.storyboard */ = {
			isa = PBXVariantGroup;
			children = (
				AFA58A2F2043E84200A227B9 /* Base */,
			);
			name = Main.storyboard;
			sourceTree = "<group>";
		};
		AFA58A332043E84200A227B9 /* LaunchScreen.storyboard */ = {
			isa = PBXVariantGroup;
			children = (
				AFA58A342043E84200A227B9 /* Base */,
			);
			name = LaunchScreen.storyboard;
			sourceTree = "<group>";
		};
/* End PBXVariantGroup section */

/* Begin XCBuildConfiguration section */
		AFA58A372043E84200A227B9 /* Debug */ = {
			isa = XCBuildConfiguration;
			buildSettings = {
				ALWAYS_SEARCH_USER_PATHS = NO;
				CLANG_ANALYZER_NONNULL = YES;
				CLANG_ANALYZER_NUMBER_OBJECT_CONVERSION = YES_AGGRESSIVE;
				CLANG_CXX_LANGUAGE_STANDARD = "gnu++14";
				CLANG_CXX_LIBRARY = "libc++";
				CLANG_ENABLE_MODULES = YES;
				CLANG_ENABLE_OBJC_ARC = YES;
				CLANG_WARN_BLOCK_CAPTURE_AUTORELEASING = YES;
				CLANG_WARN_BOOL_CONVERSION = YES;
				CLANG_WARN_COMMA = YES;
				CLANG_WARN_CONSTANT_CONVERSION = YES;
				CLANG_WARN_DIRECT_OBJC_ISA_USAGE = YES_ERROR;
				CLANG_WARN_DOCUMENTATION_COMMENTS = YES;
				CLANG_WARN_EMPTY_BODY = YES;
				CLANG_WARN_ENUM_CONVERSION = YES;
				CLANG_WARN_INFINITE_RECURSION = YES;
				CLANG_WARN_INT_CONVERSION = YES;
				CLANG_WARN_NON_LITERAL_NULL_CONVERSION = YES;
				CLANG_WARN_OBJC_LITERAL_CONVERSION = YES;
				CLANG_WARN_OBJC_ROOT_CLASS = YES_ERROR;
				CLANG_WARN_RANGE_LOOP_ANALYSIS = YES;
				CLANG_WARN_STRICT_PROTOTYPES = YES;
				CLANG_WARN_SUSPICIOUS_MOVE = YES;
				CLANG_WARN_UNGUARDED_AVAILABILITY = YES_AGGRESSIVE;
				CLANG_WARN_UNREACHABLE_CODE = YES;
				CLANG_WARN__DUPLICATE_METHOD_MATCH = YES;
				CODE_SIGN_IDENTITY = "iPhone Developer";
				COPY_PHASE_STRIP = NO;
				DEBUG_INFORMATION_FORMAT = dwarf;
				ENABLE_STRICT_OBJC_MSGSEND = YES;
				ENABLE_TESTABILITY = YES;
				GCC_C_LANGUAGE_STANDARD = gnu11;
				GCC_DYNAMIC_NO_PIC = NO;
				GCC_NO_COMMON_BLOCKS = YES;
				GCC_OPTIMIZATION_LEVEL = 0;
				GCC_PREPROCESSOR_DEFINITIONS = (
					"DEBUG=1",
					"$(inherited)",
				);
				GCC_WARN_64_TO_32_BIT_CONVERSION = YES;
				GCC_WARN_ABOUT_RETURN_TYPE = YES_ERROR;
				GCC_WARN_UNDECLARED_SELECTOR = YES;
				GCC_WARN_UNINITIALIZED_AUTOS = YES_AGGRESSIVE;
				GCC_WARN_UNUSED_FUNCTION = YES;
				GCC_WARN_UNUSED_VARIABLE = YES;
				IPHONEOS_DEPLOYMENT_TARGET = 11.2;
				MTL_ENABLE_DEBUG_INFO = YES;
				ONLY_ACTIVE_ARCH = YES;
				SDKROOT = iphoneos;
				SWIFT_ACTIVE_COMPILATION_CONDITIONS = DEBUG;
				SWIFT_OPTIMIZATION_LEVEL = "-Onone";
			};
			name = Debug;
		};
		AFA58A382043E84200A227B9 /* Release */ = {
			isa = XCBuildConfiguration;
			buildSettings = {
				ALWAYS_SEARCH_USER_PATHS = NO;
				CLANG_ANALYZER_NONNULL = YES;
				CLANG_ANALYZER_NUMBER_OBJECT_CONVERSION = YES_AGGRESSIVE;
				CLANG_CXX_LANGUAGE_STANDARD = "gnu++14";
				CLANG_CXX_LIBRARY = "libc++";
				CLANG_ENABLE_MODULES = YES;
				CLANG_ENABLE_OBJC_ARC = YES;
				CLANG_WARN_BLOCK_CAPTURE_AUTORELEASING = YES;
				CLANG_WARN_BOOL_CONVERSION = YES;
				CLANG_WARN_COMMA = YES;
				CLANG_WARN_CONSTANT_CONVERSION = YES;
				CLANG_WARN_DIRECT_OBJC_ISA_USAGE = YES_ERROR;
				CLANG_WARN_DOCUMENTATION_COMMENTS = YES;
				CLANG_WARN_EMPTY_BODY = YES;
				CLANG_WARN_ENUM_CONVERSION = YES;
				CLANG_WARN_INFINITE_RECURSION = YES;
				CLANG_WARN_INT_CONVERSION = YES;
				CLANG_WARN_NON_LITERAL_NULL_CONVERSION = YES;
				CLANG_WARN_OBJC_LITERAL_CONVERSION = YES;
				CLANG_WARN_OBJC_ROOT_CLASS = YES_ERROR;
				CLANG_WARN_RANGE_LOOP_ANALYSIS = YES;
				CLANG_WARN_STRICT_PROTOTYPES = YES;
				CLANG_WARN_SUSPICIOUS_MOVE = YES;
				CLANG_WARN_UNGUARDED_AVAILABILITY = YES_AGGRESSIVE;
				CLANG_WARN_UNREACHABLE_CODE = YES;
				CLANG_WARN__DUPLICATE_METHOD_MATCH = YES;
				CODE_SIGN_IDENTITY = "iPhone Developer";
				COPY_PHASE_STRIP = NO;
				DEBUG_INFORMATION_FORMAT = "dwarf-with-dsym";
				ENABLE_NS_ASSERTIONS = NO;
				ENABLE_STRICT_OBJC_MSGSEND = YES;
				GCC_C_LANGUAGE_STANDARD = gnu11;
				GCC_NO_COMMON_BLOCKS = YES;
				GCC_WARN_64_TO_32_BIT_CONVERSION = YES;
				GCC_WARN_ABOUT_RETURN_TYPE = YES_ERROR;
				GCC_WARN_UNDECLARED_SELECTOR = YES;
				GCC_WARN_UNINITIALIZED_AUTOS = YES_AGGRESSIVE;
				GCC_WARN_UNUSED_FUNCTION = YES;
				GCC_WARN_UNUSED_VARIABLE = YES;
				IPHONEOS_DEPLOYMENT_TARGET = 11.2;
				MTL_ENABLE_DEBUG_INFO = NO;
				SDKROOT = iphoneos;
				SWIFT_OPTIMIZATION_LEVEL = "-Owholemodule";
				VALIDATE_PRODUCT = YES;
			};
			name = Release;
		};
		AFA58A3A2043E84200A227B9 /* Debug */ = {
			isa = XCBuildConfiguration;
			baseConfigurationReference = 22A872F5A0E7487812A5305D /* Pods-MathX.debug.xcconfig */;
			buildSettings = {
				ASSETCATALOG_COMPILER_APPICON_NAME = AppIcon;
				CODE_SIGN_STYLE = Automatic;
				DEVELOPMENT_TEAM = FU2A8TG5WK;
				ENABLE_BITCODE = YES;
				INFOPLIST_FILE = MathX/Info.plist;
				LD_RUNPATH_SEARCH_PATHS = "$(inherited) @executable_path/Frameworks";
				PRODUCT_BUNDLE_IDENTIFIER = "-lol.mathx";
				PRODUCT_NAME = "$(TARGET_NAME)";
				SWIFT_VERSION = 4.2;
				TARGETED_DEVICE_FAMILY = "1,2";
			};
			name = Debug;
		};
		AFA58A3B2043E84200A227B9 /* Release */ = {
			isa = XCBuildConfiguration;
			baseConfigurationReference = 6149B19C3D18A008AD8A8FC5 /* Pods-MathX.release.xcconfig */;
			buildSettings = {
				ASSETCATALOG_COMPILER_APPICON_NAME = AppIcon;
				CODE_SIGN_STYLE = Automatic;
				DEVELOPMENT_TEAM = FU2A8TG5WK;
				ENABLE_BITCODE = YES;
				INFOPLIST_FILE = MathX/Info.plist;
				LD_RUNPATH_SEARCH_PATHS = "$(inherited) @executable_path/Frameworks";
				PRODUCT_BUNDLE_IDENTIFIER = "-lol.mathx";
				PRODUCT_NAME = "$(TARGET_NAME)";
				SWIFT_VERSION = 4.2;
				TARGETED_DEVICE_FAMILY = "1,2";
			};
			name = Release;
		};
/* End XCBuildConfiguration section */

/* Begin XCConfigurationList section */
		AFA58A222043E84200A227B9 /* Build configuration list for PBXProject "MathX" */ = {
			isa = XCConfigurationList;
			buildConfigurations = (
				AFA58A372043E84200A227B9 /* Debug */,
				AFA58A382043E84200A227B9 /* Release */,
			);
			defaultConfigurationIsVisible = 0;
			defaultConfigurationName = Release;
		};
		AFA58A392043E84200A227B9 /* Build configuration list for PBXNativeTarget "MathX" */ = {
			isa = XCConfigurationList;
			buildConfigurations = (
				AFA58A3A2043E84200A227B9 /* Debug */,
				AFA58A3B2043E84200A227B9 /* Release */,
			);
			defaultConfigurationIsVisible = 0;
			defaultConfigurationName = Release;
		};
/* End XCConfigurationList section */

/* Begin XCVersionGroup section */
		FE6AB2582136AF0D006FABE4 /* Solving_Quadratic_Equations.xcdatamodeld */ = {
			isa = XCVersionGroup;
			children = (
				FE6AB2592136AF0D006FABE4 /* Solving_Quadratic_Equations.xcdatamodel */,
			);
			currentVersion = FE6AB2592136AF0D006FABE4 /* Solving_Quadratic_Equations.xcdatamodel */;
			path = Solving_Quadratic_Equations.xcdatamodeld;
			sourceTree = "<group>";
			versionGroupType = wrapper.xcdatamodel;
		};
/* End XCVersionGroup section */
	};
	rootObject = AFA58A1F2043E84200A227B9 /* Project object */;
}
